
Microsoft Visual Studio Solution File, Format Version 12.00
# Visual Studio Version 17
VisualStudioVersion = 17.11.35312.102
MinimumVisualStudioVersion = 10.0.40219.1
Project("{8BC9CEB8-8B4A-11D0-8D11-00A0C91BC942}") = "ReflectionParser", "Source\ReflectionParser\ReflectionParser.vcxproj", "{37C41D8E-DAB6-490A-A93C-89EEC5182BF5}"
	ProjectSection(ProjectDependencies) = postProject
		{F0693BD7-4597-4E91-867B-BA9704432337} = {F0693BD7-4597-4E91-867B-BA9704432337}
	EndProjectSection
EndProject
Project("{8BC9CEB8-8B4A-11D0-8D11-00A0C91BC942}") = "Runtime", "Source\Runtime\Runtime.vcxproj", "{F0693BD7-4597-4E91-867B-BA9704432337}"
EndProject
Project("{8BC9CEB8-8B4A-11D0-8D11-00A0C91BC942}") = "Editor", "Source\Editor\Editor.vcxproj", "{AC23993B-BB8A-4E8A-8277-94E6B77D6DEE}"
	ProjectSection(ProjectDependencies) = postProject
		{F0693BD7-4597-4E91-867B-BA9704432337} = {F0693BD7-4597-4E91-867B-BA9704432337}
	EndProjectSection
EndProject
Project("{8BC9CEB8-8B4A-11D0-8D11-00A0C91BC942}") = "ProjectCreator", "Source\ProjectCreator\ProjectCreator.vcxproj", "{91E2EFCC-7880-4C2E-9809-B81E3DAA71C2}"
EndProject
Project("{2150E333-8FDC-42A3-9474-1A3956D46DE8}") = "Engine", "Engine", "{8A0C33F3-F04E-41E8-9682-A0493F10A379}"
EndProject
Project("{2150E333-8FDC-42A3-9474-1A3956D46DE8}") = "Programs", "Programs", "{0AE25F11-DDB5-46DE-BCF3-2E679BF89ACF}"
EndProject
Project("{8BC9CEB8-8B4A-11D0-8D11-00A0C91BC942}") = "EditorApp", "Source\EditorApp\EditorApp.vcxproj", "{D24A73B6-C1DE-47FA-9BEB-053F7854B503}"
	ProjectSection(ProjectDependencies) = postProject
		{37C41D8E-DAB6-490A-A93C-89EEC5182BF5} = {37C41D8E-DAB6-490A-A93C-89EEC5182BF5}
		{91E2EFCC-7880-4C2E-9809-B81E3DAA71C2} = {91E2EFCC-7880-4C2E-9809-B81E3DAA71C2}
		{AC23993B-BB8A-4E8A-8277-94E6B77D6DEE} = {AC23993B-BB8A-4E8A-8277-94E6B77D6DEE}
		{F0693BD7-4597-4E91-867B-BA9704432337} = {F0693BD7-4597-4E91-867B-BA9704432337}
	EndProjectSection
EndProject
Global
	GlobalSection(SolutionConfigurationPlatforms) = preSolution
		Debug|Win64 = Debug|Win64
		Debug|x64 = Debug|x64
		Release|Win64 = Release|Win64
		Release|x64 = Release|x64
	EndGlobalSection
	GlobalSection(ProjectConfigurationPlatforms) = postSolution
		{37C41D8E-DAB6-490A-A93C-89EEC5182BF5}.Debug|Win64.ActiveCfg = Debug|x64
		{37C41D8E-DAB6-490A-A93C-89EEC5182BF5}.Debug|Win64.Build.0 = Debug|x64
		{37C41D8E-DAB6-490A-A93C-89EEC5182BF5}.Debug|x64.ActiveCfg = Debug|x64
		{37C41D8E-DAB6-490A-A93C-89EEC5182BF5}.Debug|x64.Build.0 = Debug|x64
		{37C41D8E-DAB6-490A-A93C-89EEC5182BF5}.Release|Win64.ActiveCfg = Release|x64
		{37C41D8E-DAB6-490A-A93C-89EEC5182BF5}.Release|Win64.Build.0 = Release|x64
		{37C41D8E-DAB6-490A-A93C-89EEC5182BF5}.Release|x64.ActiveCfg = Release|x64
		{37C41D8E-DAB6-490A-A93C-89EEC5182BF5}.Release|x64.Build.0 = Release|x64
		{F0693BD7-4597-4E91-867B-BA9704432337}.Debug|Win64.ActiveCfg = Debug|x64
		{F0693BD7-4597-4E91-867B-BA9704432337}.Debug|Win64.Build.0 = Debug|x64
		{F0693BD7-4597-4E91-867B-BA9704432337}.Debug|x64.ActiveCfg = Debug|x64
		{F0693BD7-4597-4E91-867B-BA9704432337}.Debug|x64.Build.0 = Debug|x64
		{F0693BD7-4597-4E91-867B-BA9704432337}.Release|Win64.ActiveCfg = Release|x64
		{F0693BD7-4597-4E91-867B-BA9704432337}.Release|Win64.Build.0 = Release|x64
		{F0693BD7-4597-4E91-867B-BA9704432337}.Release|x64.ActiveCfg = Release|x64
		{F0693BD7-4597-4E91-867B-BA9704432337}.Release|x64.Build.0 = Release|x64
		{AC23993B-BB8A-4E8A-8277-94E6B77D6DEE}.Debug|Win64.ActiveCfg = Debug|x64
		{AC23993B-BB8A-4E8A-8277-94E6B77D6DEE}.Debug|Win64.Build.0 = Debug|x64
		{AC23993B-BB8A-4E8A-8277-94E6B77D6DEE}.Debug|x64.ActiveCfg = Debug|x64
		{AC23993B-BB8A-4E8A-8277-94E6B77D6DEE}.Debug|x64.Build.0 = Debug|x64
		{AC23993B-BB8A-4E8A-8277-94E6B77D6DEE}.Release|Win64.ActiveCfg = Release|x64
		{AC23993B-BB8A-4E8A-8277-94E6B77D6DEE}.Release|Win64.Build.0 = Release|x64
		{AC23993B-BB8A-4E8A-8277-94E6B77D6DEE}.Release|x64.ActiveCfg = Release|x64
		{AC23993B-BB8A-4E8A-8277-94E6B77D6DEE}.Release|x64.Build.0 = Release|x64
		{91E2EFCC-7880-4C2E-9809-B81E3DAA71C2}.Debug|Win64.ActiveCfg = Debug|x64
		{91E2EFCC-7880-4C2E-9809-B81E3DAA71C2}.Debug|Win64.Build.0 = Debug|x64
		{91E2EFCC-7880-4C2E-9809-B81E3DAA71C2}.Debug|x64.ActiveCfg = Debug|x64
		{91E2EFCC-7880-4C2E-9809-B81E3DAA71C2}.Debug|x64.Build.0 = Debug|x64
		{91E2EFCC-7880-4C2E-9809-B81E3DAA71C2}.Release|Win64.ActiveCfg = Release|x64
		{91E2EFCC-7880-4C2E-9809-B81E3DAA71C2}.Release|Win64.Build.0 = Release|x64
		{91E2EFCC-7880-4C2E-9809-B81E3DAA71C2}.Release|x64.ActiveCfg = Release|x64
		{91E2EFCC-7880-4C2E-9809-B81E3DAA71C2}.Release|x64.Build.0 = Release|x64
		{D24A73B6-C1DE-47FA-9BEB-053F7854B503}.Debug|Win64.ActiveCfg = Debug|x64
		{D24A73B6-C1DE-47FA-9BEB-053F7854B503}.Debug|x64.ActiveCfg = Debug|x64
		{D24A73B6-C1DE-47FA-9BEB-053F7854B503}.Debug|x64.Build.0 = Debug|x64
		{D24A73B6-C1DE-47FA-9BEB-053F7854B503}.Release|Win64.ActiveCfg = Release|x64
		{D24A73B6-C1DE-47FA-9BEB-053F7854B503}.Release|x64.ActiveCfg = Release|x64
		{D24A73B6-C1DE-47FA-9BEB-053F7854B503}.Release|x64.Build.0 = Release|x64
	EndGlobalSection
	GlobalSection(SolutionProperties) = preSolution
		HideSolutionNode = FALSE
	EndGlobalSection
	GlobalSection(NestedProjects) = preSolution
		{37C41D8E-DAB6-490A-A93C-89EEC5182BF5} = {0AE25F11-DDB5-46DE-BCF3-2E679BF89ACF}
		{F0693BD7-4597-4E91-867B-BA9704432337} = {8A0C33F3-F04E-41E8-9682-A0493F10A379}
		{AC23993B-BB8A-4E8A-8277-94E6B77D6DEE} = {8A0C33F3-F04E-41E8-9682-A0493F10A379}
		{91E2EFCC-7880-4C2E-9809-B81E3DAA71C2} = {0AE25F11-DDB5-46DE-BCF3-2E679BF89ACF}
		{D24A73B6-C1DE-47FA-9BEB-053F7854B503} = {0AE25F11-DDB5-46DE-BCF3-2E679BF89ACF}
	EndGlobalSection
EndGlobal
