<?xml version="1.0" encoding="utf-8"?>
<Project ToolsVersion="4.0" xmlns="http://schemas.microsoft.com/developer/msbuild/2003">
  <ItemGroup>
    <ClInclude Include="Game\GameObject.h">
      <Filter>Game</Filter>
    </ClInclude>
    <ClInclude Include="Core\Utils.h">
      <Filter>Core</Filter>
    </ClInclude>
    <ClInclude Include="Core\Object.h">
      <Filter>Core</Filter>
    </ClInclude>
    <ClInclude Include="Reflection\Type.h">
      <Filter>Reflection</Filter>
    </ClInclude>
    <ClInclude Include="Reflection\TypeData.h">
      <Filter>Reflection</Filter>
    </ClInclude>
    <ClInclude Include="Reflection\TypeInfo.h">
      <Filter>Reflection</Filter>
    </ClInclude>
    <ClInclude Include="Reflection\TypeConfig.h">
      <Filter>Reflection</Filter>
    </ClInclude>
    <ClInclude Include="Reflection\Field.h">
      <Filter>Reflection</Filter>
    </ClInclude>
    <ClInclude Include="Reflection\Any.h">
      <Filter>Reflection</Filter>
    </ClInclude>
    <ClInclude Include="Reflection\Reflection.h">
      <Filter>Reflection</Filter>
    </ClInclude>
    <ClInclude Include="Reflection\Destructor.h">
      <Filter>Reflection</Filter>
    </ClInclude>
    <ClInclude Include="Reflection\Constructor.h">
      <Filter>Reflection</Filter>
    </ClInclude>
    <ClInclude Include="Reflection\Enum.h">
      <Filter>Reflection</Filter>
    </ClInclude>
    <ClInclude Include="Reflection\Attribute.h">
      <Filter>Reflection</Filter>
    </ClInclude>
    <ClInclude Include="Runtime.h" />
    <ClInclude Include="RuntimeConfig.h" />
    <ClInclude Include="Platform.h" />
    <ClInclude Include="Reflection\ReflectionManager.h">
      <Filter>Reflection</Filter>
    </ClInclude>
    <ClInclude Include="Reflection\Attributes.h">
      <Filter>Reflection</Filter>
    </ClInclude>
    <ClInclude Include="Reflection\Package.h">
      <Filter>Reflection</Filter>
    </ClInclude>
    <ClInclude Include="Reflection\AttributesContainer.h">
      <Filter>Reflection</Filter>
    </ClInclude>
    <ClInclude Include="Game\Component.h">
      <Filter>Game</Filter>
    </ClInclude>
    <ClInclude Include="Game\TransformSpace.h">
      <Filter>Game</Filter>
    </ClInclude>
    <ClInclude Include="Game\Transform.h">
      <Filter>Game</Filter>
    </ClInclude>
    <ClInclude Include="Reflection\ReflectionData.h">
      <Filter>Reflection</Filter>
    </ClInclude>
    <ClInclude Include="Resource\Resource.h">
      <Filter>Resource</Filter>
    </ClInclude>
    <ClInclude Include="Resource\ResourceState.h">
      <Filter>Resource</Filter>
    </ClInclude>
    <ClInclude Include="Resource\ResourceEvent.h">
      <Filter>Resource</Filter>
    </ClInclude>
    <ClInclude Include="Resource\ResourceEventReceiver.h">
      <Filter>Resource</Filter>
    </ClInclude>
    <ClInclude Include="Resource\ResourceManager.h">
      <Filter>Resource</Filter>
    </ClInclude>
    <ClInclude Include="Game\MessageType.h">
      <Filter>Game</Filter>
    </ClInclude>
  </ItemGroup>
  <ItemGroup>
    <Filter Include="Core">
      <UniqueIdentifier>{a6f7ce11-e86f-4047-87fc-d703f5d85b43}</UniqueIdentifier>
    </Filter>
    <Filter Include="Game">
      <UniqueIdentifier>{d0313dc2-206b-48c7-b352-a6d5d7fd26c9}</UniqueIdentifier>
    </Filter>
    <Filter Include="Reflection">
      <UniqueIdentifier>{d54f6e92-b8f8-46c5-b63f-fda571fec788}</UniqueIdentifier>
    </Filter>
    <Filter Include="Resource">
      <UniqueIdentifier>{3487ddc1-b22a-4f19-8fb4-50631f6f98b1}</UniqueIdentifier>
    </Filter>
  </ItemGroup>
  <ItemGroup>
    <ClCompile Include="Game\GameObject.cpp">
      <Filter>Game</Filter>
    </ClCompile>
    <ClCompile Include="Core\Utils.cpp">
      <Filter>Core</Filter>
    </ClCompile>
    <ClCompile Include="Reflection\Type.cpp">
      <Filter>Reflection</Filter>
    </ClCompile>
    <ClCompile Include="Reflection\TypeData.cpp">
      <Filter>Reflection</Filter>
    </ClCompile>
    <ClCompile Include="Reflection\Field.cpp">
      <Filter>Reflection</Filter>
    </ClCompile>
    <ClCompile Include="Reflection\Any.cpp">
      <Filter>Reflection</Filter>
    </ClCompile>
    <ClCompile Include="Reflection\Destructor.cpp">
      <Filter>Reflection</Filter>
    </ClCompile>
    <ClCompile Include="Reflection\Constructor.cpp">
      <Filter>Reflection</Filter>
    </ClCompile>
    <ClCompile Include="Reflection\Enum.cpp">
      <Filter>Reflection</Filter>
    </ClCompile>
    <ClCompile Include="Main.cpp" />
    <ClCompile Include="Reflection\ReflectionManager.cpp">
      <Filter>Reflection</Filter>
    </ClCompile>
    <ClCompile Include="Reflection\Package.cpp">
      <Filter>Reflection</Filter>
    </ClCompile>
    <ClCompile Include="Reflection\AttributesContainer.cpp" />
    <ClCompile Include="Reflection\Attributes.cpp">
      <Filter>Reflection</Filter>
    </ClCompile>
    <ClCompile Include="Game\Component.cpp">
      <Filter>Game</Filter>
    </ClCompile>
    <ClCompile Include="Game\Transform.cpp">
      <Filter>Game</Filter>
    </ClCompile>
    <ClCompile Include="Reflection\ReflectionData.cpp">
      <Filter>Reflection</Filter>
    </ClCompile>
    <ClCompile Include="Resource\Resource.cpp">
      <Filter>Resource</Filter>
    </ClCompile>
    <ClCompile Include="Resource\ResourceManager.cpp">
      <Filter>Resource</Filter>
    </ClCompile>
  </ItemGroup>
</Project>